
Microsoft Visual Studio Solution File, Format Version 12.00
# Visual Studio Version 16
VisualStudioVersion = 16.0.29926.136
MinimumVisualStudioVersion = 10.0.40219.1
Project("{FAE04EC0-301F-11D3-BF4B-00C04F79EFBC}") = "helloWord", "helloWord\helloWord.csproj", "{C9812711-5BEB-4775-8024-737AFBF95382}"
EndProject
Global
	GlobalSection(SolutionConfigurationPlatforms) = preSolution
		Debug|Any CPU = Debug|Any CPU
		Release|Any CPU = Release|Any CPU
	EndGlobalSection
	GlobalSection(ProjectConfigurationPlatforms) = postSolution
		{C9812711-5BEB-4775-8024-737AFBF95382}.Debug|Any CPU.ActiveCfg = Debug|Any CPU
		{C9812711-5BEB-4775-8024-737AFBF95382}.Debug|Any CPU.Build.0 = Debug|Any CPU
		{C9812711-5BEB-4775-8024-737AFBF95382}.Release|Any CPU.ActiveCfg = Release|Any CPU
		{C9812711-5BEB-4775-8024-737AFBF95382}.Release|Any CPU.Build.0 = Release|Any CPU
	EndGlobalSection
	GlobalSection(SolutionProperties) = preSolution
		HideSolutionNode = FALSE
	EndGlobalSection
	GlobalSection(ExtensibilityGlobals) = postSolution
		SolutionGuid = {2C6772CE-289E-46FD-AF6C-E9FD54A87D82}
	EndGlobalSection
EndGlobal
